
Microsoft Visual Studio Solution File, Format Version 12.00
# Visual Studio 15
VisualStudioVersion = 15.0.28307.489
MinimumVisualStudioVersion = 10.0.40219.1
Project("{FAE04EC0-301F-11D3-BF4B-00C04F79EFBC}") = "System.Threading.Tasks.Extensions", "src\System.Threading.Tasks.Extensions.csproj", "{577C29BC-FA45-4EDF-A5C0-CA6F2B0241DC}"
EndProject
Project("{2150E333-8FDC-42A3-9474-1A3956D46DE8}") = "Solution Items", "Solution Items", "{25D6AF39-28E8-484C-B15F-A378C4427710}"
	ProjectSection(SolutionItems) = preProject
		.gitignore = .gitignore
		appveyor.yml = appveyor.yml
		nuget.config = nuget.config
		README.md = README.md
	EndProjectSection
EndProject
Global
	GlobalSection(SolutionConfigurationPlatforms) = preSolution
		Debug|Any CPU = Debug|Any CPU
		Release|Any CPU = Release|Any CPU
	EndGlobalSection
	GlobalSection(ProjectConfigurationPlatforms) = postSolution
		{577C29BC-FA45-4EDF-A5C0-CA6F2B0241DC}.Debug|Any CPU.ActiveCfg = Debug|Any CPU
		{577C29BC-FA45-4EDF-A5C0-CA6F2B0241DC}.Debug|Any CPU.Build.0 = Debug|Any CPU
		{577C29BC-FA45-4EDF-A5C0-CA6F2B0241DC}.Release|Any CPU.ActiveCfg = Release|Any CPU
		{577C29BC-FA45-4EDF-A5C0-CA6F2B0241DC}.Release|Any CPU.Build.0 = Release|Any CPU
	EndGlobalSection
	GlobalSection(SolutionProperties) = preSolution
		HideSolutionNode = FALSE
	EndGlobalSection
	GlobalSection(ExtensibilityGlobals) = postSolution
		SolutionGuid = {56B6F38C-F9C9-40F4-9CF8-041F04F39D66}
	EndGlobalSection
EndGlobal
